
Microsoft Visual Studio Solution File, Format Version 12.00
# Visual Studio 14
VisualStudioVersion = 14.0.25420.1
MinimumVisualStudioVersion = 10.0.40219.1
Project("{2150E333-8FDC-42A3-9474-1A3956D46DE8}") = "src", "src", "{A755DA1E-166D-4E56-B4C9-7FE93B76A8E0}"
EndProject
Project("{2150E333-8FDC-42A3-9474-1A3956D46DE8}") = "Solution Items", "Solution Items", "{E75B1A17-89FA-4945-A14D-CF80CB0CD502}"
	ProjectSection(SolutionItems) = preProject
		global.json = global.json
	EndProjectSection
EndProject
Project("{8BB2217D-0F2D-49D1-97BC-3654ED321F3B}") = "VDS.Common", "src\VDS.Common\VDS.Common.xproj", "{8475D09E-87E3-46CB-8D28-C933A1CBDB09}"
EndProject
Project("{8BB2217D-0F2D-49D1-97BC-3654ED321F3B}") = "VDS.Common.Test", "test\VDS.Common.Test\VDS.Common.Test.xproj", "{460189E8-72F8-436A-8E82-55C118607D8D}"
EndProject
Project("{2150E333-8FDC-42A3-9474-1A3956D46DE8}") = "test", "test", "{F1B7DEF4-DA37-47ED-9B11-DA49DA46CCBA}"
EndProject
Project("{8BB2217D-0F2D-49D1-97BC-3654ED321F3B}") = "dotNetRDF.Core.Test", "test\dotNetRDF.Core.Test\dotNetRDF.Core.Test.xproj", "{6178012E-0931-4BA7-AB60-7C14912DC8FE}"
EndProject
Project("{8BB2217D-0F2D-49D1-97BC-3654ED321F3B}") = "dotNetRDF.Core", "src\dotNetRDF.Core\dotNetRDF.Core.xproj", "{1ACCAF23-44A5-4BF4-AF7A-67DCC1CA8AF0}"
EndProject
Project("{8BB2217D-0F2D-49D1-97BC-3654ED321F3B}") = "dotNetRDF.IO.Core", "src\dotNetRDF.IO.Core\dotNetRDF.IO.Core.xproj", "{AE6B1ACB-EC49-4DFD-83BD-204AB02377AF}"
EndProject
Project("{8BB2217D-0F2D-49D1-97BC-3654ED321F3B}") = "dotNetRDF.IO.Xml", "src\dotNetRDF.IO.Xml\dotNetRDF.IO.Xml.xproj", "{0C455829-CECF-4A45-96F5-71B3975D0765}"
EndProject
Project("{8BB2217D-0F2D-49D1-97BC-3654ED321F3B}") = "dotNetRDF.IO.Core.Test", "test\dotNetRDF.IO.Core.Test\dotNetRDF.IO.Core.Test.xproj", "{C9D790E9-62E5-49DE-BF06-FF9D3B697111}"
EndProject
Project("{8BB2217D-0F2D-49D1-97BC-3654ED321F3B}") = "dotNetRDF.IO.Xml.Test", "test\dotNetRDF.IO.Xml.Test\dotNetRDF.IO.Xml.Test.xproj", "{FC2876F8-5076-47B9-BBBC-E73ACADC2551}"
EndProject
Project("{8BB2217D-0F2D-49D1-97BC-3654ED321F3B}") = "dotNetRDF.Test.Core", "test\dotNetRDF.Test.Core\dotNetRDF.Test.Core.xproj", "{B6AFFB0F-AEDE-46DA-BC83-BA0DDACB26F8}"
EndProject
Project("{8BB2217D-0F2D-49D1-97BC-3654ED321F3B}") = "dotNetRDF.IO.Json", "src\dotNetRDF.IO.Json\dotNetRDF.IO.Json.xproj", "{01F28FF4-4B08-44AE-9990-AA5DE8A7AB15}"
EndProject
Project("{8BB2217D-0F2D-49D1-97BC-3654ED321F3B}") = "dotNetRDF.IO.Json.Test", "test\dotNetRDF.IO.Json.Test\dotNetRDF.IO.Json.Test.xproj", "{F537D4F7-4466-4CC4-9886-67396BC31108}"
EndProject
Project("{8BB2217D-0F2D-49D1-97BC-3654ED321F3B}") = "dotNetRDF.Sparql.Core", "src\dotNetRDF.Sparql.Core\dotNetRDF.Sparql.Core.xproj", "{628CBAB2-FF69-4B11-98E6-82F7D2D079BD}"
EndProject
Project("{8BB2217D-0F2D-49D1-97BC-3654ED321F3B}") = "dotNetRDF.Sparql.Core.Test", "test\dotNetRDF.Sparql.Core.Test\dotNetRDF.Sparql.Core.Test.xproj", "{F64D871D-B446-4C8B-8E0D-80FF1FDB42DB}"
EndProject
Project("{8BB2217D-0F2D-49D1-97BC-3654ED321F3B}") = "dotNetRDF.IO.Html", "src\dotNetRDF.IO.Html\dotNetRDF.IO.Html.xproj", "{88DEC606-5B83-4FD0-A42A-01A1AD9D3B9C}"
EndProject
Global
	GlobalSection(SolutionConfigurationPlatforms) = preSolution
		Debug|Any CPU = Debug|Any CPU
		Release|Any CPU = Release|Any CPU
	EndGlobalSection
	GlobalSection(ProjectConfigurationPlatforms) = postSolution
		{8475D09E-87E3-46CB-8D28-C933A1CBDB09}.Debug|Any CPU.ActiveCfg = Debug|Any CPU
		{8475D09E-87E3-46CB-8D28-C933A1CBDB09}.Debug|Any CPU.Build.0 = Debug|Any CPU
		{8475D09E-87E3-46CB-8D28-C933A1CBDB09}.Release|Any CPU.ActiveCfg = Release|Any CPU
		{8475D09E-87E3-46CB-8D28-C933A1CBDB09}.Release|Any CPU.Build.0 = Release|Any CPU
		{460189E8-72F8-436A-8E82-55C118607D8D}.Debug|Any CPU.ActiveCfg = Debug|Any CPU
		{460189E8-72F8-436A-8E82-55C118607D8D}.Debug|Any CPU.Build.0 = Debug|Any CPU
		{460189E8-72F8-436A-8E82-55C118607D8D}.Release|Any CPU.ActiveCfg = Release|Any CPU
		{460189E8-72F8-436A-8E82-55C118607D8D}.Release|Any CPU.Build.0 = Release|Any CPU
		{6178012E-0931-4BA7-AB60-7C14912DC8FE}.Debug|Any CPU.ActiveCfg = Debug|Any CPU
		{6178012E-0931-4BA7-AB60-7C14912DC8FE}.Debug|Any CPU.Build.0 = Debug|Any CPU
		{6178012E-0931-4BA7-AB60-7C14912DC8FE}.Release|Any CPU.ActiveCfg = Release|Any CPU
		{6178012E-0931-4BA7-AB60-7C14912DC8FE}.Release|Any CPU.Build.0 = Release|Any CPU
		{1ACCAF23-44A5-4BF4-AF7A-67DCC1CA8AF0}.Debug|Any CPU.ActiveCfg = Debug|Any CPU
		{1ACCAF23-44A5-4BF4-AF7A-67DCC1CA8AF0}.Debug|Any CPU.Build.0 = Debug|Any CPU
		{1ACCAF23-44A5-4BF4-AF7A-67DCC1CA8AF0}.Release|Any CPU.ActiveCfg = Release|Any CPU
		{1ACCAF23-44A5-4BF4-AF7A-67DCC1CA8AF0}.Release|Any CPU.Build.0 = Release|Any CPU
		{AE6B1ACB-EC49-4DFD-83BD-204AB02377AF}.Debug|Any CPU.ActiveCfg = Debug|Any CPU
		{AE6B1ACB-EC49-4DFD-83BD-204AB02377AF}.Debug|Any CPU.Build.0 = Debug|Any CPU
		{AE6B1ACB-EC49-4DFD-83BD-204AB02377AF}.Release|Any CPU.ActiveCfg = Release|Any CPU
		{AE6B1ACB-EC49-4DFD-83BD-204AB02377AF}.Release|Any CPU.Build.0 = Release|Any CPU
		{0C455829-CECF-4A45-96F5-71B3975D0765}.Debug|Any CPU.ActiveCfg = Debug|Any CPU
		{0C455829-CECF-4A45-96F5-71B3975D0765}.Debug|Any CPU.Build.0 = Debug|Any CPU
		{0C455829-CECF-4A45-96F5-71B3975D0765}.Release|Any CPU.ActiveCfg = Release|Any CPU
		{0C455829-CECF-4A45-96F5-71B3975D0765}.Release|Any CPU.Build.0 = Release|Any CPU
		{C9D790E9-62E5-49DE-BF06-FF9D3B697111}.Debug|Any CPU.ActiveCfg = Debug|Any CPU
		{C9D790E9-62E5-49DE-BF06-FF9D3B697111}.Debug|Any CPU.Build.0 = Debug|Any CPU
		{C9D790E9-62E5-49DE-BF06-FF9D3B697111}.Release|Any CPU.ActiveCfg = Release|Any CPU
		{C9D790E9-62E5-49DE-BF06-FF9D3B697111}.Release|Any CPU.Build.0 = Release|Any CPU
		{FC2876F8-5076-47B9-BBBC-E73ACADC2551}.Debug|Any CPU.ActiveCfg = Debug|Any CPU
		{FC2876F8-5076-47B9-BBBC-E73ACADC2551}.Debug|Any CPU.Build.0 = Debug|Any CPU
		{FC2876F8-5076-47B9-BBBC-E73ACADC2551}.Release|Any CPU.ActiveCfg = Release|Any CPU
		{FC2876F8-5076-47B9-BBBC-E73ACADC2551}.Release|Any CPU.Build.0 = Release|Any CPU
		{B6AFFB0F-AEDE-46DA-BC83-BA0DDACB26F8}.Debug|Any CPU.ActiveCfg = Debug|Any CPU
		{B6AFFB0F-AEDE-46DA-BC83-BA0DDACB26F8}.Debug|Any CPU.Build.0 = Debug|Any CPU
		{B6AFFB0F-AEDE-46DA-BC83-BA0DDACB26F8}.Release|Any CPU.ActiveCfg = Release|Any CPU
		{B6AFFB0F-AEDE-46DA-BC83-BA0DDACB26F8}.Release|Any CPU.Build.0 = Release|Any CPU
		{01F28FF4-4B08-44AE-9990-AA5DE8A7AB15}.Debug|Any CPU.ActiveCfg = Debug|Any CPU
		{01F28FF4-4B08-44AE-9990-AA5DE8A7AB15}.Debug|Any CPU.Build.0 = Debug|Any CPU
		{01F28FF4-4B08-44AE-9990-AA5DE8A7AB15}.Release|Any CPU.ActiveCfg = Release|Any CPU
		{01F28FF4-4B08-44AE-9990-AA5DE8A7AB15}.Release|Any CPU.Build.0 = Release|Any CPU
		{F537D4F7-4466-4CC4-9886-67396BC31108}.Debug|Any CPU.ActiveCfg = Debug|Any CPU
		{F537D4F7-4466-4CC4-9886-67396BC31108}.Debug|Any CPU.Build.0 = Debug|Any CPU
		{F537D4F7-4466-4CC4-9886-67396BC31108}.Release|Any CPU.ActiveCfg = Release|Any CPU
		{F537D4F7-4466-4CC4-9886-67396BC31108}.Release|Any CPU.Build.0 = Release|Any CPU
		{628CBAB2-FF69-4B11-98E6-82F7D2D079BD}.Debug|Any CPU.ActiveCfg = Debug|Any CPU
		{628CBAB2-FF69-4B11-98E6-82F7D2D079BD}.Debug|Any CPU.Build.0 = Debug|Any CPU
		{628CBAB2-FF69-4B11-98E6-82F7D2D079BD}.Release|Any CPU.ActiveCfg = Release|Any CPU
		{628CBAB2-FF69-4B11-98E6-82F7D2D079BD}.Release|Any CPU.Build.0 = Release|Any CPU
		{F64D871D-B446-4C8B-8E0D-80FF1FDB42DB}.Debug|Any CPU.ActiveCfg = Debug|Any CPU
		{F64D871D-B446-4C8B-8E0D-80FF1FDB42DB}.Debug|Any CPU.Build.0 = Debug|Any CPU
		{F64D871D-B446-4C8B-8E0D-80FF1FDB42DB}.Release|Any CPU.ActiveCfg = Release|Any CPU
		{F64D871D-B446-4C8B-8E0D-80FF1FDB42DB}.Release|Any CPU.Build.0 = Release|Any CPU
		{88DEC606-5B83-4FD0-A42A-01A1AD9D3B9C}.Debug|Any CPU.ActiveCfg = Debug|Any CPU
		{88DEC606-5B83-4FD0-A42A-01A1AD9D3B9C}.Debug|Any CPU.Build.0 = Debug|Any CPU
		{88DEC606-5B83-4FD0-A42A-01A1AD9D3B9C}.Release|Any CPU.ActiveCfg = Release|Any CPU
		{88DEC606-5B83-4FD0-A42A-01A1AD9D3B9C}.Release|Any CPU.Build.0 = Release|Any CPU
	EndGlobalSection
	GlobalSection(SolutionProperties) = preSolution
		HideSolutionNode = FALSE
	EndGlobalSection
	GlobalSection(NestedProjects) = preSolution
		{8475D09E-87E3-46CB-8D28-C933A1CBDB09} = {A755DA1E-166D-4E56-B4C9-7FE93B76A8E0}
		{460189E8-72F8-436A-8E82-55C118607D8D} = {F1B7DEF4-DA37-47ED-9B11-DA49DA46CCBA}
		{6178012E-0931-4BA7-AB60-7C14912DC8FE} = {F1B7DEF4-DA37-47ED-9B11-DA49DA46CCBA}
		{1ACCAF23-44A5-4BF4-AF7A-67DCC1CA8AF0} = {A755DA1E-166D-4E56-B4C9-7FE93B76A8E0}
		{AE6B1ACB-EC49-4DFD-83BD-204AB02377AF} = {A755DA1E-166D-4E56-B4C9-7FE93B76A8E0}
		{0C455829-CECF-4A45-96F5-71B3975D0765} = {A755DA1E-166D-4E56-B4C9-7FE93B76A8E0}
		{C9D790E9-62E5-49DE-BF06-FF9D3B697111} = {F1B7DEF4-DA37-47ED-9B11-DA49DA46CCBA}
		{FC2876F8-5076-47B9-BBBC-E73ACADC2551} = {F1B7DEF4-DA37-47ED-9B11-DA49DA46CCBA}
		{B6AFFB0F-AEDE-46DA-BC83-BA0DDACB26F8} = {F1B7DEF4-DA37-47ED-9B11-DA49DA46CCBA}
		{01F28FF4-4B08-44AE-9990-AA5DE8A7AB15} = {A755DA1E-166D-4E56-B4C9-7FE93B76A8E0}
		{F537D4F7-4466-4CC4-9886-67396BC31108} = {F1B7DEF4-DA37-47ED-9B11-DA49DA46CCBA}
		{628CBAB2-FF69-4B11-98E6-82F7D2D079BD} = {A755DA1E-166D-4E56-B4C9-7FE93B76A8E0}
		{F64D871D-B446-4C8B-8E0D-80FF1FDB42DB} = {F1B7DEF4-DA37-47ED-9B11-DA49DA46CCBA}
		{88DEC606-5B83-4FD0-A42A-01A1AD9D3B9C} = {A755DA1E-166D-4E56-B4C9-7FE93B76A8E0}
	EndGlobalSection
EndGlobal
